Microsoft Visual Studio Solution File, Format Version 12.00
# Visual Studio Version 17
VisualStudioVersion = 17.3.32804.467
MinimumVisualStudioVersion = 10.0.40219.1
Project("{2150E333-8FDC-42A3-9474-1A3956D46DE8}") = "Solution Items", "Solution Items", "{88012004-209A-489B-9B6F-31937FDD31CB}"
	ProjectSection(SolutionItems) = preProject
		README.md = README.md
	EndProjectSection
EndProject
Project("{9A19103F-16F7-4668-BE54-9A1E7A4F7556}") = "TypeConversions", "TypeConversions\TypeConversions.csproj", "{196CD641-1787-4798-AE8A-6290A809A55A}"
EndProject
Project("{9A19103F-16F7-4668-BE54-9A1E7A4F7556}") = "TypeConversions.Tests", "TypeConversions.Tests\TypeConversions.Tests.csproj", "{8F216BC6-41DE-477B-A93E-1DA049AF5D77}"
EndProject
Global
	GlobalSection(SolutionConfigurationPlatforms) = preSolution
		Debug|Any CPU = Debug|Any CPU
		Release|Any CPU = Release|Any CPU
	EndGlobalSection
	GlobalSection(ProjectConfigurationPlatforms) = postSolution
		{196CD641-1787-4798-AE8A-6290A809A55A}.Debug|Any CPU.ActiveCfg = Debug|Any CPU
		{196CD641-1787-4798-AE8A-6290A809A55A}.Debug|Any CPU.Build.0 = Debug|Any CPU
		{196CD641-1787-4798-AE8A-6290A809A55A}.Release|Any CPU.ActiveCfg = Release|Any CPU
		{196CD641-1787-4798-AE8A-6290A809A55A}.Release|Any CPU.Build.0 = Release|Any CPU
		{8F216BC6-41DE-477B-A93E-1DA049AF5D77}.Debug|Any CPU.ActiveCfg = Debug|Any CPU
		{8F216BC6-41DE-477B-A93E-1DA049AF5D77}.Debug|Any CPU.Build.0 = Debug|Any CPU
		{8F216BC6-41DE-477B-A93E-1DA049AF5D77}.Release|Any CPU.ActiveCfg = Release|Any CPU
		{8F216BC6-41DE-477B-A93E-1DA049AF5D77}.Release|Any CPU.Build.0 = Release|Any CPU
	EndGlobalSection
	GlobalSection(SolutionProperties) = preSolution
		HideSolutionNode = FALSE
	EndGlobalSection
	GlobalSection(ExtensibilityGlobals) = postSolution
		SolutionGuid = {77C833E9-DC44-43D7-AFE7-9B6269B39D5A}
	EndGlobalSection
EndGlobal
